// !$*UTF8*$!
{
	archiveVersion = 1;
	classes = {
	};
	objectVersion = 56;
	objects = {

/* Begin PBXBuildFile section */
		EAB1ED1A2B92E9FD005B81DD /* Camera.swift in Sources */ = {isa = PBXBuildFile; fileRef = EAB1ED192B92E9FD005B81DD /* Camera.swift */; };
		EAB1ED3F2B9438E8005B81DD /* Renderer.swift in Sources */ = {isa = PBXBuildFile; fileRef = EAB1ED3E2B9438E8005B81DD /* Renderer.swift */; };
		EAB1ED412B959295005B81DD /* FirstCamera.swift in Sources */ = {isa = PBXBuildFile; fileRef = EAB1ED402B959295005B81DD /* FirstCamera.swift */; };
		EAB1ED432B95944B005B81DD /* DebugCamera.swift in Sources */ = {isa = PBXBuildFile; fileRef = EAB1ED422B95944B005B81DD /* DebugCamera.swift */; };
		EAE026912B8EF3C600F15821 /* MetalPlaygroundApp.swift in Sources */ = {isa = PBXBuildFile; fileRef = EAE026902B8EF3C600F15821 /* MetalPlaygroundApp.swift */; };
		EAE026952B8EF3C800F15821 /* Assets.xcassets in Resources */ = {isa = PBXBuildFile; fileRef = EAE026942B8EF3C800F15821 /* Assets.xcassets */; };
		EAE026982B8EF3C800F15821 /* Preview Assets.xcassets in Resources */ = {isa = PBXBuildFile; fileRef = EAE026972B8EF3C800F15821 /* Preview Assets.xcassets */; };
		EAE026A62B90448100F15821 /* MetalView.swift in Sources */ = {isa = PBXBuildFile; fileRef = EAE026A52B90448100F15821 /* MetalView.swift */; };
		EAE026A82B90477C00F15821 /* RenderedView.swift in Sources */ = {isa = PBXBuildFile; fileRef = EAE026A72B90477C00F15821 /* RenderedView.swift */; };
		EAE026AA2B904A3900F15821 /* ModelControlView.swift in Sources */ = {isa = PBXBuildFile; fileRef = EAE026A92B904A3900F15821 /* ModelControlView.swift */; };
		EAE026AC2B904B6B00F15821 /* VectorComponent.swift in Sources */ = {isa = PBXBuildFile; fileRef = EAE026AB2B904B6B00F15821 /* VectorComponent.swift */; };
		EAE026B02B9050D800F15821 /* MatrixComponent.swift in Sources */ = {isa = PBXBuildFile; fileRef = EAE026AF2B9050D800F15821 /* MatrixComponent.swift */; };
		EAE026B32B9051D100F15821 /* MathUtilities.swift in Sources */ = {isa = PBXBuildFile; fileRef = EAE026B22B9051D100F15821 /* MathUtilities.swift */; };
		EAE026B52B9057DE00F15821 /* Triangle.swift in Sources */ = {isa = PBXBuildFile; fileRef = EAE026B42B9057DE00F15821 /* Triangle.swift */; };
		EAFD0AF72B91565F00521B88 /* Vertex.swift in Sources */ = {isa = PBXBuildFile; fileRef = EAFD0AF62B91565F00521B88 /* Vertex.swift */; };
		EAFD0AF92B91580000521B88 /* Shaders.metal in Sources */ = {isa = PBXBuildFile; fileRef = EAFD0AF82B91580000521B88 /* Shaders.metal */; };
		EAFD0AFB2B9159A900521B88 /* VertexUniforms.swift in Sources */ = {isa = PBXBuildFile; fileRef = EAFD0AFA2B9159A900521B88 /* VertexUniforms.swift */; };
/* End PBXBuildFile section */

/* Begin PBXFileReference section */
		EAB1ED192B92E9FD005B81DD /* Camera.swift */ = {isa = PBXFileReference; lastKnownFileType = sourcecode.swift; path = Camera.swift; sourceTree = "<group>"; };
		EAB1ED3E2B9438E8005B81DD /* Renderer.swift */ = {isa = PBXFileReference; fileEncoding = 4; lastKnownFileType = sourcecode.swift; path = Renderer.swift; sourceTree = "<group>"; };
		EAB1ED402B959295005B81DD /* FirstCamera.swift */ = {isa = PBXFileReference; lastKnownFileType = sourcecode.swift; path = FirstCamera.swift; sourceTree = "<group>"; };
		EAB1ED422B95944B005B81DD /* DebugCamera.swift */ = {isa = PBXFileReference; lastKnownFileType = sourcecode.swift; path = DebugCamera.swift; sourceTree = "<group>"; };
		EAE0268D2B8EF3C600F15821 /* MetalPlayground.app */ = {isa = PBXFileReference; explicitFileType = wrapper.application; includeInIndex = 0; path = MetalPlayground.app; sourceTree = BUILT_PRODUCTS_DIR; };
		EAE026902B8EF3C600F15821 /* MetalPlaygroundApp.swift */ = {isa = PBXFileReference; lastKnownFileType = sourcecode.swift; path = MetalPlaygroundApp.swift; sourceTree = "<group>"; };
		EAE026942B8EF3C800F15821 /* Assets.xcassets */ = {isa = PBXFileReference; lastKnownFileType = folder.assetcatalog; path = Assets.xcassets; sourceTree = "<group>"; };
		EAE026972B8EF3C800F15821 /* Preview Assets.xcassets */ = {isa = PBXFileReference; lastKnownFileType = folder.assetcatalog; path = "Preview Assets.xcassets"; sourceTree = "<group>"; };
		EAE026992B8EF3C800F15821 /* MetalPlayground.entitlements */ = {isa = PBXFileReference; lastKnownFileType = text.plist.entitlements; path = MetalPlayground.entitlements; sourceTree = "<group>"; };
		EAE026A52B90448100F15821 /* MetalView.swift */ = {isa = PBXFileReference; lastKnownFileType = sourcecode.swift; path = MetalView.swift; sourceTree = "<group>"; };
		EAE026A72B90477C00F15821 /* RenderedView.swift */ = {isa = PBXFileReference; lastKnownFileType = sourcecode.swift; path = RenderedView.swift; sourceTree = "<group>"; };
		EAE026A92B904A3900F15821 /* ModelControlView.swift */ = {isa = PBXFileReference; lastKnownFileType = sourcecode.swift; path = ModelControlView.swift; sourceTree = "<group>"; };
		EAE026AB2B904B6B00F15821 /* VectorComponent.swift */ = {isa = PBXFileReference; lastKnownFileType = sourcecode.swift; path = VectorComponent.swift; sourceTree = "<group>"; };
		EAE026AF2B9050D800F15821 /* MatrixComponent.swift */ = {isa = PBXFileReference; lastKnownFileType = sourcecode.swift; path = MatrixComponent.swift; sourceTree = "<group>"; };
		EAE026B22B9051D100F15821 /* MathUtilities.swift */ = {isa = PBXFileReference; lastKnownFileType = sourcecode.swift; path = MathUtilities.swift; sourceTree = "<group>"; };
		EAE026B42B9057DE00F15821 /* Triangle.swift */ = {isa = PBXFileReference; lastKnownFileType = sourcecode.swift; path = Triangle.swift; sourceTree = "<group>"; };
		EAFD0AF62B91565F00521B88 /* Vertex.swift */ = {isa = PBXFileReference; lastKnownFileType = sourcecode.swift; path = Vertex.swift; sourceTree = "<group>"; };
		EAFD0AF82B91580000521B88 /* Shaders.metal */ = {isa = PBXFileReference; lastKnownFileType = sourcecode.metal; path = Shaders.metal; sourceTree = "<group>"; };
		EAFD0AFA2B9159A900521B88 /* VertexUniforms.swift */ = {isa = PBXFileReference; lastKnownFileType = sourcecode.swift; path = VertexUniforms.swift; sourceTree = "<group>"; };
/* End PBXFileReference section */

/* Begin PBXFrameworksBuildPhase section */
		EAE0268A2B8EF3C600F15821 /* Frameworks */ = {
			isa = PBXFrameworksBuildPhase;
			buildActionMask = 2147483647;
			files = (
			);
			runOnlyForDeploymentPostprocessing = 0;
		};
/* End PBXFrameworksBuildPhase section */

/* Begin PBXGroup section */
		EAB1ED442B95944F005B81DD /* Cameras */ = {
			isa = PBXGroup;
			children = (
				EAB1ED422B95944B005B81DD /* DebugCamera.swift */,
				EAB1ED402B959295005B81DD /* FirstCamera.swift */,
				EAB1ED192B92E9FD005B81DD /* Camera.swift */,
			);
			path = Cameras;
			sourceTree = "<group>";
		};
		EAE026842B8EF3C600F15821 = {
			isa = PBXGroup;
			children = (
				EAE0268F2B8EF3C600F15821 /* MetalPlayground */,
				EAE0268E2B8EF3C600F15821 /* Products */,
			);
			sourceTree = "<group>";
		};
		EAE0268E2B8EF3C600F15821 /* Products */ = {
			isa = PBXGroup;
			children = (
				EAE0268D2B8EF3C600F15821 /* MetalPlayground.app */,
			);
			name = Products;
			sourceTree = "<group>";
		};
		EAE0268F2B8EF3C600F15821 /* MetalPlayground */ = {
			isa = PBXGroup;
			children = (
				EAE026B12B9051C400F15821 /* Utilities */,
				EAE026AE2B90501E00F15821 /* Components */,
				EAE026AD2B90500900F15821 /* Views */,
				EAB1ED442B95944F005B81DD /* Cameras */,
				EAE026942B8EF3C800F15821 /* Assets.xcassets */,
				EAE026992B8EF3C800F15821 /* MetalPlayground.entitlements */,
				EAE026962B8EF3C800F15821 /* Preview Content */,
				EAFD0AF82B91580000521B88 /* Shaders.metal */,
				EAE026B42B9057DE00F15821 /* Triangle.swift */,
				EAFD0AF62B91565F00521B88 /* Vertex.swift */,
				EAFD0AFA2B9159A900521B88 /* VertexUniforms.swift */,
				EAB1ED3E2B9438E8005B81DD /* Renderer.swift */,
				EAE026902B8EF3C600F15821 /* MetalPlaygroundApp.swift */,
			);
			path = MetalPlayground;
			sourceTree = "<group>";
		};
		EAE026962B8EF3C800F15821 /* Preview Content */ = {
			isa = PBXGroup;
			children = (
				EAE026972B8EF3C800F15821 /* Preview Assets.xcassets */,
			);
			path = "Preview Content";
			sourceTree = "<group>";
		};
		EAE026AD2B90500900F15821 /* Views */ = {
			isa = PBXGroup;
			children = (
				EAE026A92B904A3900F15821 /* ModelControlView.swift */,
				EAE026A52B90448100F15821 /* MetalView.swift */,
				EAE026A72B90477C00F15821 /* RenderedView.swift */,
			);
			path = Views;
			sourceTree = "<group>";
		};
		EAE026AE2B90501E00F15821 /* Components */ = {
			isa = PBXGroup;
			children = (
				EAE026AB2B904B6B00F15821 /* VectorComponent.swift */,
				EAE026AF2B9050D800F15821 /* MatrixComponent.swift */,
			);
			path = Components;
			sourceTree = "<group>";
		};
		EAE026B12B9051C400F15821 /* Utilities */ = {
			isa = PBXGroup;
			children = (
				EAE026B22B9051D100F15821 /* MathUtilities.swift */,
			);
			path = Utilities;
			sourceTree = "<group>";
		};
/* End PBXGroup section */

/* Begin PBXNativeTarget section */
		EAE0268C2B8EF3C600F15821 /* MetalPlayground */ = {
			isa = PBXNativeTarget;
			buildConfigurationList = EAE0269C2B8EF3C800F15821 /* Build configuration list for PBXNativeTarget "MetalPlayground" */;
			buildPhases = (
				EAE026892B8EF3C600F15821 /* Sources */,
				EAE0268A2B8EF3C600F15821 /* Frameworks */,
				EAE0268B2B8EF3C600F15821 /* Resources */,
			);
			buildRules = (
			);
			dependencies = (
			);
			name = MetalPlayground;
			productName = MetalPlayground;
			productReference = EAE0268D2B8EF3C600F15821 /* MetalPlayground.app */;
			productType = "com.apple.product-type.application";
		};
/* End PBXNativeTarget section */

/* Begin PBXProject section */
		EAE026852B8EF3C600F15821 /* Project object */ = {
			isa = PBXProject;
			attributes = {
				BuildIndependentTargetsInParallel = 1;
				LastSwiftUpdateCheck = 1520;
				LastUpgradeCheck = 1520;
				TargetAttributes = {
					EAE0268C2B8EF3C600F15821 = {
						CreatedOnToolsVersion = 15.2;
					};
				};
			};
			buildConfigurationList = EAE026882B8EF3C600F15821 /* Build configuration list for PBXProject "MetalPlayground" */;
			compatibilityVersion = "Xcode 14.0";
			developmentRegion = en;
			hasScannedForEncodings = 0;
			knownRegions = (
				en,
				Base,
			);
			mainGroup = EAE026842B8EF3C600F15821;
			productRefGroup = EAE0268E2B8EF3C600F15821 /* Products */;
			projectDirPath = "";
			projectRoot = "";
			targets = (
				EAE0268C2B8EF3C600F15821 /* MetalPlayground */,
			);
		};
/* End PBXProject section */

/* Begin PBXResourcesBuildPhase section */
		EAE0268B2B8EF3C600F15821 /* Resources */ = {
			isa = PBXResourcesBuildPhase;
			buildActionMask = 2147483647;
			files = (
				EAE026982B8EF3C800F15821 /* Preview Assets.xcassets in Resources */,
				EAE026952B8EF3C800F15821 /* Assets.xcassets in Resources */,
			);
			runOnlyForDeploymentPostprocessing = 0;
		};
/* End PBXResourcesBuildPhase section */

/* Begin PBXSourcesBuildPhase section */
		EAE026892B8EF3C600F15821 /* Sources */ = {
			isa = PBXSourcesBuildPhase;
			buildActionMask = 2147483647;
			files = (
				EAFD0AFB2B9159A900521B88 /* VertexUniforms.swift in Sources */,
				EAFD0AF92B91580000521B88 /* Shaders.metal in Sources */,
				EAE026B02B9050D800F15821 /* MatrixComponent.swift in Sources */,
				EAE026A62B90448100F15821 /* MetalView.swift in Sources */,
				EAE026AC2B904B6B00F15821 /* VectorComponent.swift in Sources */,
				EAFD0AF72B91565F00521B88 /* Vertex.swift in Sources */,
				EAE026912B8EF3C600F15821 /* MetalPlaygroundApp.swift in Sources */,
				EAE026AA2B904A3900F15821 /* ModelControlView.swift in Sources */,
				EAE026B52B9057DE00F15821 /* Triangle.swift in Sources */,
				EAB1ED412B959295005B81DD /* FirstCamera.swift in Sources */,
				EAE026B32B9051D100F15821 /* MathUtilities.swift in Sources */,
				EAB1ED1A2B92E9FD005B81DD /* Camera.swift in Sources */,
				EAE026A82B90477C00F15821 /* RenderedView.swift in Sources */,
				EAB1ED3F2B9438E8005B81DD /* Renderer.swift in Sources */,
				EAB1ED432B95944B005B81DD /* DebugCamera.swift in Sources */,
			);
			runOnlyForDeploymentPostprocessing = 0;
		};
/* End PBXSourcesBuildPhase section */

/* Begin XCBuildConfiguration section */
		EAE0269A2B8EF3C800F15821 /* Debug */ = {
			isa = XCBuildConfiguration;
			buildSettings = {
				ALWAYS_SEARCH_USER_PATHS = NO;
				ASSETCATALOG_COMPILER_GENERATE_SWIFT_ASSET_SYMBOL_EXTENSIONS = YES;
				CLANG_ANALYZER_NONNULL = YES;
				CLANG_ANALYZER_NUMBER_OBJECT_CONVERSION = YES_AGGRESSIVE;
				CLANG_CXX_LANGUAGE_STANDARD = "gnu++20";
				CLANG_ENABLE_MODULES = YES;
				CLANG_ENABLE_OBJC_ARC = YES;
				CLANG_ENABLE_OBJC_WEAK = YES;
				CLANG_WARN_BLOCK_CAPTURE_AUTORELEASING = YES;
				CLANG_WARN_BOOL_CONVERSION = YES;
				CLANG_WARN_COMMA = YES;
				CLANG_WARN_CONSTANT_CONVERSION = YES;
				CLANG_WARN_DEPRECATED_OBJC_IMPLEMENTATIONS = YES;
				CLANG_WARN_DIRECT_OBJC_ISA_USAGE = YES_ERROR;
				CLANG_WARN_DOCUMENTATION_COMMENTS = YES;
				CLANG_WARN_EMPTY_BODY = YES;
				CLANG_WARN_ENUM_CONVERSION = YES;
				CLANG_WARN_INFINITE_RECURSION = YES;
				CLANG_WARN_INT_CONVERSION = YES;
				CLANG_WARN_NON_LITERAL_NULL_CONVERSION = YES;
				CLANG_WARN_OBJC_IMPLICIT_RETAIN_SELF = YES;
				CLANG_WARN_OBJC_LITERAL_CONVERSION = YES;
				CLANG_WARN_OBJC_ROOT_CLASS = YES_ERROR;
				CLANG_WARN_QUOTED_INCLUDE_IN_FRAMEWORK_HEADER = YES;
				CLANG_WARN_RANGE_LOOP_ANALYSIS = YES;
				CLANG_WARN_STRICT_PROTOTYPES = YES;
				CLANG_WARN_SUSPICIOUS_MOVE = YES;
				CLANG_WARN_UNGUARDED_AVAILABILITY = YES_AGGRESSIVE;
				CLANG_WARN_UNREACHABLE_CODE = YES;
				CLANG_WARN__DUPLICATE_METHOD_MATCH = YES;
				COPY_PHASE_STRIP = NO;
				DEBUG_INFORMATION_FORMAT = dwarf;
				ENABLE_STRICT_OBJC_MSGSEND = YES;
				ENABLE_TESTABILITY = YES;
				ENABLE_USER_SCRIPT_SANDBOXING = YES;
				GCC_C_LANGUAGE_STANDARD = gnu17;
				GCC_DYNAMIC_NO_PIC = NO;
				GCC_NO_COMMON_BLOCKS = YES;
				GCC_OPTIMIZATION_LEVEL = 0;
				GCC_PREPROCESSOR_DEFINITIONS = (
					"DEBUG=1",
					"$(inherited)",
				);
				GCC_WARN_64_TO_32_BIT_CONVERSION = YES;
				GCC_WARN_ABOUT_RETURN_TYPE = YES_ERROR;
				GCC_WARN_UNDECLARED_SELECTOR = YES;
				GCC_WARN_UNINITIALIZED_AUTOS = YES_AGGRESSIVE;
				GCC_WARN_UNUSED_FUNCTION = YES;
				GCC_WARN_UNUSED_VARIABLE = YES;
				LOCALIZATION_PREFERS_STRING_CATALOGS = YES;
				MACOSX_DEPLOYMENT_TARGET = 14.2;
				MTL_ENABLE_DEBUG_INFO = INCLUDE_SOURCE;
				MTL_FAST_MATH = YES;
				ONLY_ACTIVE_ARCH = YES;
				SDKROOT = macosx;
				SWIFT_ACTIVE_COMPILATION_CONDITIONS = "DEBUG $(inherited)";
				SWIFT_OPTIMIZATION_LEVEL = "-Onone";
			};
			name = Debug;
		};
		EAE0269B2B8EF3C800F15821 /* Release */ = {
			isa = XCBuildConfiguration;
			buildSettings = {
				ALWAYS_SEARCH_USER_PATHS = NO;
				ASSETCATALOG_COMPILER_GENERATE_SWIFT_ASSET_SYMBOL_EXTENSIONS = YES;
				CLANG_ANALYZER_NONNULL = YES;
				CLANG_ANALYZER_NUMBER_OBJECT_CONVERSION = YES_AGGRESSIVE;
				CLANG_CXX_LANGUAGE_STANDARD = "gnu++20";
				CLANG_ENABLE_MODULES = YES;
				CLANG_ENABLE_OBJC_ARC = YES;
				CLANG_ENABLE_OBJC_WEAK = YES;
				CLANG_WARN_BLOCK_CAPTURE_AUTORELEASING = YES;
				CLANG_WARN_BOOL_CONVERSION = YES;
				CLANG_WARN_COMMA = YES;
				CLANG_WARN_CONSTANT_CONVERSION = YES;
				CLANG_WARN_DEPRECATED_OBJC_IMPLEMENTATIONS = YES;
				CLANG_WARN_DIRECT_OBJC_ISA_USAGE = YES_ERROR;
				CLANG_WARN_DOCUMENTATION_COMMENTS = YES;
				CLANG_WARN_EMPTY_BODY = YES;
				CLANG_WARN_ENUM_CONVERSION = YES;
				CLANG_WARN_INFINITE_RECURSION = YES;
				CLANG_WARN_INT_CONVERSION = YES;
				CLANG_WARN_NON_LITERAL_NULL_CONVERSION = YES;
				CLANG_WARN_OBJC_IMPLICIT_RETAIN_SELF = YES;
				CLANG_WARN_OBJC_LITERAL_CONVERSION = YES;
				CLANG_WARN_OBJC_ROOT_CLASS = YES_ERROR;
				CLANG_WARN_QUOTED_INCLUDE_IN_FRAMEWORK_HEADER = YES;
				CLANG_WARN_RANGE_LOOP_ANALYSIS = YES;
				CLANG_WARN_STRICT_PROTOTYPES = YES;
				CLANG_WARN_SUSPICIOUS_MOVE = YES;
				CLANG_WARN_UNGUARDED_AVAILABILITY = YES_AGGRESSIVE;
				CLANG_WARN_UNREACHABLE_CODE = YES;
				CLANG_WARN__DUPLICATE_METHOD_MATCH = YES;
				COPY_PHASE_STRIP = NO;
				DEBUG_INFORMATION_FORMAT = "dwarf-with-dsym";
				ENABLE_NS_ASSERTIONS = NO;
				ENABLE_STRICT_OBJC_MSGSEND = YES;
				ENABLE_USER_SCRIPT_SANDBOXING = YES;
				GCC_C_LANGUAGE_STANDARD = gnu17;
				GCC_NO_COMMON_BLOCKS = YES;
				GCC_WARN_64_TO_32_BIT_CONVERSION = YES;
				GCC_WARN_ABOUT_RETURN_TYPE = YES_ERROR;
				GCC_WARN_UNDECLARED_SELECTOR = YES;
				GCC_WARN_UNINITIALIZED_AUTOS = YES_AGGRESSIVE;
				GCC_WARN_UNUSED_FUNCTION = YES;
				GCC_WARN_UNUSED_VARIABLE = YES;
				LOCALIZATION_PREFERS_STRING_CATALOGS = YES;
				MACOSX_DEPLOYMENT_TARGET = 14.2;
				MTL_ENABLE_DEBUG_INFO = NO;
				MTL_FAST_MATH = YES;
				SDKROOT = macosx;
				SWIFT_COMPILATION_MODE = wholemodule;
			};
			name = Release;
		};
		EAE0269D2B8EF3C800F15821 /* Debug */ = {
			isa = XCBuildConfiguration;
			buildSettings = {
				ASSETCATALOG_COMPILER_APPICON_NAME = AppIcon;
				ASSETCATALOG_COMPILER_GLOBAL_ACCENT_COLOR_NAME = AccentColor;
				CODE_SIGN_ENTITLEMENTS = MetalPlayground/MetalPlayground.entitlements;
				CODE_SIGN_STYLE = Automatic;
				COMBINE_HIDPI_IMAGES = YES;
				CURRENT_PROJECT_VERSION = 1;
				DEVELOPMENT_ASSET_PATHS = "\"MetalPlayground/Preview Content\"";
				DEVELOPMENT_TEAM = 5WR52D9YHX;
				ENABLE_HARDENED_RUNTIME = YES;
				ENABLE_PREVIEWS = YES;
				GENERATE_INFOPLIST_FILE = YES;
				INFOPLIST_KEY_NSHumanReadableCopyright = "";
				LD_RUNPATH_SEARCH_PATHS = (
					"$(inherited)",
					"@executable_path/../Frameworks",
				);
				MARKETING_VERSION = 1.0;
				PRODUCT_BUNDLE_IDENTIFIER = com.enigmaticbits.MetalPlayground;
				PRODUCT_NAME = "$(TARGET_NAME)";
				SWIFT_EMIT_LOC_STRINGS = YES;
				SWIFT_VERSION = 5.0;
			};
			name = Debug;
		};
		EAE0269E2B8EF3C800F15821 /* Release */ = {
			isa = XCBuildConfiguration;
			buildSettings = {
				ASSETCATALOG_COMPILER_APPICON_NAME = AppIcon;
				ASSETCATALOG_COMPILER_GLOBAL_ACCENT_COLOR_NAME = AccentColor;
				CODE_SIGN_ENTITLEMENTS = MetalPlayground/MetalPlayground.entitlements;
				CODE_SIGN_STYLE = Automatic;
				COMBINE_HIDPI_IMAGES = YES;
				CURRENT_PROJECT_VERSION = 1;
				DEVELOPMENT_ASSET_PATHS = "\"MetalPlayground/Preview Content\"";
				DEVELOPMENT_TEAM = 5WR52D9YHX;
				ENABLE_HARDENED_RUNTIME = YES;
				ENABLE_PREVIEWS = YES;
				GENERATE_INFOPLIST_FILE = YES;
				INFOPLIST_KEY_NSHumanReadableCopyright = "";
				LD_RUNPATH_SEARCH_PATHS = (
					"$(inherited)",
					"@executable_path/../Frameworks",
				);
				MARKETING_VERSION = 1.0;
				PRODUCT_BUNDLE_IDENTIFIER = com.enigmaticbits.MetalPlayground;
				PRODUCT_NAME = "$(TARGET_NAME)";
				SWIFT_EMIT_LOC_STRINGS = YES;
				SWIFT_VERSION = 5.0;
			};
			name = Release;
		};
/* End XCBuildConfiguration section */

/* Begin XCConfigurationList section */
		EAE026882B8EF3C600F15821 /* Build configuration list for PBXProject "MetalPlayground" */ = {
			isa = XCConfigurationList;
			buildConfigurations = (
				EAE0269A2B8EF3C800F15821 /* Debug */,
				EAE0269B2B8EF3C800F15821 /* Release */,
			);
			defaultConfigurationIsVisible = 0;
			defaultConfigurationName = Release;
		};
		EAE0269C2B8EF3C800F15821 /* Build configuration list for PBXNativeTarget "MetalPlayground" */ = {
			isa = XCConfigurationList;
			buildConfigurations = (
				EAE0269D2B8EF3C800F15821 /* Debug */,
				EAE0269E2B8EF3C800F15821 /* Release */,
			);
			defaultConfigurationIsVisible = 0;
			defaultConfigurationName = Release;
		};
/* End XCConfigurationList section */
	};
	rootObject = EAE026852B8EF3C600F15821 /* Project object */;
}
